
Microsoft Visual Studio Solution File, Format Version 12.00
# Visual Studio Version 16
VisualStudioVersion = 16.0.28803.202
MinimumVisualStudioVersion = 15.0.26124.0
Project("{2150E333-8FDC-42A3-9474-1A3956D46DE8}") = "tests", "tests", "{67F3BA8F-F616-4039-9DC1-F5D0523BB0FD}"
EndProject
Project("{F2A71F9B-5D33-465A-A702-920D77279786}") = "Farkle.Tests", "tests\Farkle.Tests\Farkle.Tests.fsproj", "{C17CDA30-3991-4AC7-8A38-060A1DB7C190}"
EndProject
Project("{2150E333-8FDC-42A3-9474-1A3956D46DE8}") = "src", "src", "{EC37407F-B092-4C11-B701-462471EF42A8}"
EndProject
Project("{F2A71F9B-5D33-465A-A702-920D77279786}") = "Farkle", "src\Farkle\Farkle.fsproj", "{847FAA87-2682-469E-84B1-0203DB26FF81}"
EndProject
Project("{F2A71F9B-5D33-465A-A702-920D77279786}") = "Farkle.Benchmarks", "tests\Farkle.Benchmarks\Farkle.Benchmarks.fsproj", "{696AC44B-AD20-4906-A397-1A1A0A3B1F18}"
EndProject
Project("{2150E333-8FDC-42A3-9474-1A3956D46DE8}") = "sample", "sample", "{B59FC07B-0B1C-4F60-AEEE-AD7AC42D746E}"
EndProject
Project("{F2A71F9B-5D33-465A-A702-920D77279786}") = "Farkle.Calculator", "sample\Farkle.Calculator\Farkle.Calculator.fsproj", "{D4448E3A-434C-4322-8A50-F9954040D80B}"
EndProject
Project("{F2A71F9B-5D33-465A-A702-920D77279786}") = "Farkle.Tools", "src\Farkle.Tools\Farkle.Tools.fsproj", "{E282044A-E72A-4BA7-B875-B9F991B6CEC7}"
EndProject
Project("{2150E333-8FDC-42A3-9474-1A3956D46DE8}") = "build", "build", "{99555D79-E44E-463E-98AA-BAD6A6569B2C}"
	ProjectSection(SolutionItems) = preProject
		build.fsx = build.fsx
	EndProjectSection
EndProject
Project("{F2A71F9B-5D33-465A-A702-920D77279786}") = "Farkle.Tools.MSBuild", "src\Farkle.Tools.MSBuild\Farkle.Tools.MSBuild.fsproj", "{BE66563B-D4EA-40FD-98E1-E4669AA0F9A1}"
EndProject
Project("{F2A71F9B-5D33-465A-A702-920D77279786}") = "Farkle.Samples.FSharp", "sample\Farkle.Samples.FSharp\Farkle.Samples.FSharp.fsproj", "{EA56475F-D782-487C-8582-98FE6A0FFB5D}"
EndProject
Project("{FAE04EC0-301F-11D3-BF4B-00C04F79EFBC}") = "Farkle.Samples.CSharp", "sample\Farkle.Samples.CSharp\Farkle.Samples.CSharp.csproj", "{4BB17BD7-34F0-4AAC-82BE-9105B1A0AB89}"
EndProject
Project("{FAE04EC0-301F-11D3-BF4B-00C04F79EFBC}") = "Farkle.Samples.Cli", "sample\Farkle.Samples.Cli\Farkle.Samples.Cli.csproj", "{5B1890FE-9F48-43EA-9958-6E1CB2FAE05E}"
EndProject
Project("{F2A71F9B-5D33-465A-A702-920D77279786}") = "Farkle.Tools.Shared", "src\Farkle.Tools.Shared\Farkle.Tools.Shared.fsproj", "{C6FB5564-2D84-4380-ADCC-3579DB4BF133}"
EndProject
Project("{FAE04EC0-301F-11D3-BF4B-00C04F79EFBC}") = "Farkle.Tools.MSBuild.Tests", "tests\Farkle.Tools.MSBuild.Tests\Farkle.Tools.MSBuild.Tests.csproj", "{3754FCA2-56E4-4577-A1EE-0ABAF777FEA7}"
EndProject
Project("{F2A71F9B-5D33-465A-A702-920D77279786}") = "Farkle.Tools.Precompiler", "src\Farkle.Tools.Precompiler\Farkle.Tools.Precompiler.fsproj", "{7F8558C4-6609-444A-A471-BD222E8C7928}"
EndProject
Global
	GlobalSection(SolutionConfigurationPlatforms) = preSolution
		Debug|Any CPU = Debug|Any CPU
		Release|Any CPU = Release|Any CPU
	EndGlobalSection
	GlobalSection(ProjectConfigurationPlatforms) = postSolution
		{C17CDA30-3991-4AC7-8A38-060A1DB7C190}.Debug|Any CPU.ActiveCfg = Debug|Any CPU
		{C17CDA30-3991-4AC7-8A38-060A1DB7C190}.Debug|Any CPU.Build.0 = Debug|Any CPU
		{C17CDA30-3991-4AC7-8A38-060A1DB7C190}.Release|Any CPU.ActiveCfg = Release|Any CPU
		{C17CDA30-3991-4AC7-8A38-060A1DB7C190}.Release|Any CPU.Build.0 = Release|Any CPU
		{847FAA87-2682-469E-84B1-0203DB26FF81}.Debug|Any CPU.ActiveCfg = Debug|Any CPU
		{847FAA87-2682-469E-84B1-0203DB26FF81}.Debug|Any CPU.Build.0 = Debug|Any CPU
		{847FAA87-2682-469E-84B1-0203DB26FF81}.Release|Any CPU.ActiveCfg = Release|Any CPU
		{847FAA87-2682-469E-84B1-0203DB26FF81}.Release|Any CPU.Build.0 = Release|Any CPU
		{696AC44B-AD20-4906-A397-1A1A0A3B1F18}.Debug|Any CPU.ActiveCfg = Debug|Any CPU
		{696AC44B-AD20-4906-A397-1A1A0A3B1F18}.Debug|Any CPU.Build.0 = Debug|Any CPU
		{696AC44B-AD20-4906-A397-1A1A0A3B1F18}.Release|Any CPU.ActiveCfg = Release|Any CPU
		{696AC44B-AD20-4906-A397-1A1A0A3B1F18}.Release|Any CPU.Build.0 = Release|Any CPU
		{D4448E3A-434C-4322-8A50-F9954040D80B}.Debug|Any CPU.ActiveCfg = Debug|Any CPU
		{D4448E3A-434C-4322-8A50-F9954040D80B}.Debug|Any CPU.Build.0 = Debug|Any CPU
		{D4448E3A-434C-4322-8A50-F9954040D80B}.Release|Any CPU.ActiveCfg = Release|Any CPU
		{D4448E3A-434C-4322-8A50-F9954040D80B}.Release|Any CPU.Build.0 = Release|Any CPU
		{E282044A-E72A-4BA7-B875-B9F991B6CEC7}.Debug|Any CPU.ActiveCfg = Debug|Any CPU
		{E282044A-E72A-4BA7-B875-B9F991B6CEC7}.Debug|Any CPU.Build.0 = Debug|Any CPU
		{E282044A-E72A-4BA7-B875-B9F991B6CEC7}.Release|Any CPU.ActiveCfg = Release|Any CPU
		{E282044A-E72A-4BA7-B875-B9F991B6CEC7}.Release|Any CPU.Build.0 = Release|Any CPU
		{BE66563B-D4EA-40FD-98E1-E4669AA0F9A1}.Debug|Any CPU.ActiveCfg = Debug|Any CPU
		{BE66563B-D4EA-40FD-98E1-E4669AA0F9A1}.Debug|Any CPU.Build.0 = Debug|Any CPU
		{BE66563B-D4EA-40FD-98E1-E4669AA0F9A1}.Release|Any CPU.ActiveCfg = Release|Any CPU
		{BE66563B-D4EA-40FD-98E1-E4669AA0F9A1}.Release|Any CPU.Build.0 = Release|Any CPU
		{EA56475F-D782-487C-8582-98FE6A0FFB5D}.Debug|Any CPU.ActiveCfg = Debug|Any CPU
		{EA56475F-D782-487C-8582-98FE6A0FFB5D}.Debug|Any CPU.Build.0 = Debug|Any CPU
		{EA56475F-D782-487C-8582-98FE6A0FFB5D}.Release|Any CPU.ActiveCfg = Release|Any CPU
		{EA56475F-D782-487C-8582-98FE6A0FFB5D}.Release|Any CPU.Build.0 = Release|Any CPU
		{4BB17BD7-34F0-4AAC-82BE-9105B1A0AB89}.Debug|Any CPU.ActiveCfg = Debug|Any CPU
		{4BB17BD7-34F0-4AAC-82BE-9105B1A0AB89}.Debug|Any CPU.Build.0 = Debug|Any CPU
		{4BB17BD7-34F0-4AAC-82BE-9105B1A0AB89}.Release|Any CPU.ActiveCfg = Release|Any CPU
		{4BB17BD7-34F0-4AAC-82BE-9105B1A0AB89}.Release|Any CPU.Build.0 = Release|Any CPU
		{5B1890FE-9F48-43EA-9958-6E1CB2FAE05E}.Debug|Any CPU.ActiveCfg = Debug|Any CPU
		{5B1890FE-9F48-43EA-9958-6E1CB2FAE05E}.Debug|Any CPU.Build.0 = Debug|Any CPU
		{5B1890FE-9F48-43EA-9958-6E1CB2FAE05E}.Release|Any CPU.ActiveCfg = Release|Any CPU
		{5B1890FE-9F48-43EA-9958-6E1CB2FAE05E}.Release|Any CPU.Build.0 = Release|Any CPU
		{C6FB5564-2D84-4380-ADCC-3579DB4BF133}.Debug|Any CPU.ActiveCfg = Debug|Any CPU
		{C6FB5564-2D84-4380-ADCC-3579DB4BF133}.Debug|Any CPU.Build.0 = Debug|Any CPU
		{C6FB5564-2D84-4380-ADCC-3579DB4BF133}.Release|Any CPU.ActiveCfg = Release|Any CPU
		{C6FB5564-2D84-4380-ADCC-3579DB4BF133}.Release|Any CPU.Build.0 = Release|Any CPU
		{3754FCA2-56E4-4577-A1EE-0ABAF777FEA7}.Debug|Any CPU.ActiveCfg = Debug|Any CPU
		{3754FCA2-56E4-4577-A1EE-0ABAF777FEA7}.Debug|Any CPU.Build.0 = Debug|Any CPU
		{3754FCA2-56E4-4577-A1EE-0ABAF777FEA7}.Release|Any CPU.ActiveCfg = Release|Any CPU
		{3754FCA2-56E4-4577-A1EE-0ABAF777FEA7}.Release|Any CPU.Build.0 = Release|Any CPU
		{7F8558C4-6609-444A-A471-BD222E8C7928}.Debug|Any CPU.ActiveCfg = Debug|Any CPU
		{7F8558C4-6609-444A-A471-BD222E8C7928}.Debug|Any CPU.Build.0 = Debug|Any CPU
		{7F8558C4-6609-444A-A471-BD222E8C7928}.Release|Any CPU.ActiveCfg = Release|Any CPU
		{7F8558C4-6609-444A-A471-BD222E8C7928}.Release|Any CPU.Build.0 = Release|Any CPU
	EndGlobalSection
	GlobalSection(SolutionProperties) = preSolution
		HideSolutionNode = FALSE
	EndGlobalSection
	GlobalSection(NestedProjects) = preSolution
		{C17CDA30-3991-4AC7-8A38-060A1DB7C190} = {67F3BA8F-F616-4039-9DC1-F5D0523BB0FD}
		{847FAA87-2682-469E-84B1-0203DB26FF81} = {EC37407F-B092-4C11-B701-462471EF42A8}
		{696AC44B-AD20-4906-A397-1A1A0A3B1F18} = {67F3BA8F-F616-4039-9DC1-F5D0523BB0FD}
		{D4448E3A-434C-4322-8A50-F9954040D80B} = {B59FC07B-0B1C-4F60-AEEE-AD7AC42D746E}
		{E282044A-E72A-4BA7-B875-B9F991B6CEC7} = {EC37407F-B092-4C11-B701-462471EF42A8}
		{BE66563B-D4EA-40FD-98E1-E4669AA0F9A1} = {EC37407F-B092-4C11-B701-462471EF42A8}
		{EA56475F-D782-487C-8582-98FE6A0FFB5D} = {B59FC07B-0B1C-4F60-AEEE-AD7AC42D746E}
		{4BB17BD7-34F0-4AAC-82BE-9105B1A0AB89} = {B59FC07B-0B1C-4F60-AEEE-AD7AC42D746E}
		{5B1890FE-9F48-43EA-9958-6E1CB2FAE05E} = {B59FC07B-0B1C-4F60-AEEE-AD7AC42D746E}
		{C6FB5564-2D84-4380-ADCC-3579DB4BF133} = {EC37407F-B092-4C11-B701-462471EF42A8}
		{3754FCA2-56E4-4577-A1EE-0ABAF777FEA7} = {67F3BA8F-F616-4039-9DC1-F5D0523BB0FD}
		{7F8558C4-6609-444A-A471-BD222E8C7928} = {EC37407F-B092-4C11-B701-462471EF42A8}
	EndGlobalSection
	GlobalSection(ExtensibilityGlobals) = postSolution
		SolutionGuid = {94BF4A95-7FC5-4237-8119-C83972D4E1E9}
	EndGlobalSection
EndGlobal
